Microsoft Visual Studio Solution File, Format Version 11.00
# Visual Studio 2008

Project("{4B5E5512-1BEA-2AF7-F2C6-EED7D1FE3037}") = "Life Of Ball Infinite", "Assembly-CSharp-firstpass-vs.csproj", "{EEBDF39E-4CF0-E4F4-36AC-5D7FAD49B0BA}"
EndProject
Project("{4B5E5512-1BEA-2AF7-F2C6-EED7D1FE3037}") = "Life Of Ball Infinite", "Assembly-CSharp-vs.csproj", "{63543FD2-B00E-7AD7-F473-17D822C166E7}"
EndProject
Project("{4B5E5512-1BEA-2AF7-F2C6-EED7D1FE3037}") = "Life Of Ball Infinite", "Assembly-CSharp-Editor-vs.csproj", "{EB215ABE-903B-3D4F-B1CE-82CF2ACD3DE1}"
EndProject
Global
	GlobalSection(SolutionConfigurationPlatforms) = preSolution
		Debug|Any CPU = Debug|Any CPU
		Release|Any CPU = Release|Any CPU
	EndGlobalSection
	GlobalSection(ProjectConfigurationPlatforms) = postSolution
		{EEBDF39E-4CF0-E4F4-36AC-5D7FAD49B0BA}.Debug|Any CPU.ActiveCfg = Debug|Any CPU
		{EEBDF39E-4CF0-E4F4-36AC-5D7FAD49B0BA}.Debug|Any CPU.Build.0 = Debug|Any CPU
		{EEBDF39E-4CF0-E4F4-36AC-5D7FAD49B0BA}.Release|Any CPU.ActiveCfg = Release|Any CPU
		{EEBDF39E-4CF0-E4F4-36AC-5D7FAD49B0BA}.Release|Any CPU.Build.0 = Release|Any CPU
		{63543FD2-B00E-7AD7-F473-17D822C166E7}.Debug|Any CPU.ActiveCfg = Debug|Any CPU
		{63543FD2-B00E-7AD7-F473-17D822C166E7}.Debug|Any CPU.Build.0 = Debug|Any CPU
		{63543FD2-B00E-7AD7-F473-17D822C166E7}.Release|Any CPU.ActiveCfg = Release|Any CPU
		{63543FD2-B00E-7AD7-F473-17D822C166E7}.Release|Any CPU.Build.0 = Release|Any CPU
		{EB215ABE-903B-3D4F-B1CE-82CF2ACD3DE1}.Debug|Any CPU.ActiveCfg = Debug|Any CPU
		{EB215ABE-903B-3D4F-B1CE-82CF2ACD3DE1}.Debug|Any CPU.Build.0 = Debug|Any CPU
		{EB215ABE-903B-3D4F-B1CE-82CF2ACD3DE1}.Release|Any CPU.ActiveCfg = Release|Any CPU
		{EB215ABE-903B-3D4F-B1CE-82CF2ACD3DE1}.Release|Any CPU.Build.0 = Release|Any CPU
	EndGlobalSection
	GlobalSection(SolutionProperties) = preSolution
		HideSolutionNode = FALSE
	EndGlobalSection
																																																														GlobalSection(MonoDevelopProperties) = preSolution
		StartupItem = Assembly-CSharp.csproj
		Policies = $0
		$0.TextStylePolicy = $1
		$1.inheritsSet = null
		$1.scope = text/x-csharp
		$0.CSharpFormattingPolicy = $2
		$2.inheritsSet = Mono
		$2.inheritsScope = text/x-csharp
		$2.scope = text/x-csharp
		$0.TextStylePolicy = $3
		$3.FileWidth = 120
		$3.TabWidth = 4
		$3.IndentWidth = 4
		$3.EolMarker = Unix
		$3.inheritsSet = Mono
		$3.inheritsScope = text/plain
		$3.scope = text/plain
	EndGlobalSection

EndGlobal
